
Microsoft Visual Studio Solution File, Format Version 12.00
# Visual Studio Version 16
VisualStudioVersion = 16.0.29102.190
MinimumVisualStudioVersion = 10.0.40219.1
Project("{9A19103F-16F7-4668-BE54-9A1E7A4F7556}") = "Sentiment", "Sentiment\Sentiment.csproj", "{A9CF2F77-3420-447C-9ECE-D76E5142BBEB}"
EndProject
Project("{FAE04EC0-301F-11D3-BF4B-00C04F79EFBC}") = "Sentiment.API", "Sentiment.API\Sentiment.API.csproj", "{4483738E-672B-4389-9468-FB1062565ECF}"
EndProject
Global
	GlobalSection(SolutionConfigurationPlatforms) = preSolution
		Debug|Any CPU = Debug|Any CPU
		Release|Any CPU = Release|Any CPU
	EndGlobalSection
	GlobalSection(ProjectConfigurationPlatforms) = postSolution
		{A9CF2F77-3420-447C-9ECE-D76E5142BBEB}.Debug|Any CPU.ActiveCfg = Debug|Any CPU
		{A9CF2F77-3420-447C-9ECE-D76E5142BBEB}.Debug|Any CPU.Build.0 = Debug|Any CPU
		{A9CF2F77-3420-447C-9ECE-D76E5142BBEB}.Release|Any CPU.ActiveCfg = Release|Any CPU
		{A9CF2F77-3420-447C-9ECE-D76E5142BBEB}.Release|Any CPU.Build.0 = Release|Any CPU
		{4483738E-672B-4389-9468-FB1062565ECF}.Debug|Any CPU.ActiveCfg = Debug|Any CPU
		{4483738E-672B-4389-9468-FB1062565ECF}.Debug|Any CPU.Build.0 = Debug|Any CPU
		{4483738E-672B-4389-9468-FB1062565ECF}.Release|Any CPU.ActiveCfg = Release|Any CPU
		{4483738E-672B-4389-9468-FB1062565ECF}.Release|Any CPU.Build.0 = Release|Any CPU
	EndGlobalSection
	GlobalSection(SolutionProperties) = preSolution
		HideSolutionNode = FALSE
	EndGlobalSection
	GlobalSection(ExtensibilityGlobals) = postSolution
		SolutionGuid = {BAE53194-AD32-46E6-8285-B009CE93DA61}
	EndGlobalSection
EndGlobal
